<?xml version="1.0" encoding="UTF-8"?>
<Scheme
   LastUpgradeVersion = "0930"
   version = "2.0">
   <BuildAction
      parallelizeBuildables = "YES"
      buildImplicitDependencies = "YES">
      <BuildActionEntries>
         <BuildActionEntry
            buildForTesting = "YES"
            buildForRunning = "YES"
            buildForProfiling = "YES"
            buildForArchiving = "YES"
            buildForAnalyzing = "YES">
            <BuildableReference
               BuildableIdentifier = "primary"
               BlueprintIdentifier = "D4D7064B1FB3E77400523A1E"
               BuildableName = "DEW 7 WatchKit App.app"
               BlueprintName = "DEW 7 WatchKit App"
               ReferencedContainer = "container:DEW 7.xcodeproj">
            </BuildableReference>
         </BuildActionEntry>
         <BuildActionEntry
            buildForTesting = "YES"
            buildForRunning = "YES"
            buildForProfiling = "YES"
            buildForArchiving = "YES"
            buildForAnalyzing = "YES">
            <BuildableReference
               BuildableIdentifier = "primary"
               BlueprintIdentifier = "D4D706391FB3E77400523A1E"
               BuildableName = "DEW 7.app"
               BlueprintName = "DEW 7"
               ReferencedContainer = "container:DEW 7.xcodeproj">
            </BuildableReference>
         </BuildActionEntry>
      </BuildActionEntries>
   </BuildAction>
   <TestAction
      buildConfiguration = "Debug"
      selectedDebuggerIdentifier = "Xcode.DebuggerFoundation.Debugger.LLDB"
      selectedLauncherIdentifier = "Xcode.DebuggerFoundation.Launcher.LLDB"
      shouldUseLaunchSchemeArgsEnv = "YES">
      <Testables>
      </Testables>
      <MacroExpansion>
         <BuildableReference
            BuildableIdentifier = "primary"
            BlueprintIdentifier = "D4D7064B1FB3E77400523A1E"
            BuildableName = "DEW 7 WatchKit App.app"
            BlueprintName = "DEW 7 WatchKit App"
            ReferencedContainer = "container:DEW 7.xcodeproj">
         </BuildableReference>
      </MacroExpansion>
      <AdditionalOptions>
      </AdditionalOptions>
   </TestAction>
   <LaunchAction
      buildConfiguration = "Debug"
      selectedDebuggerIdentifier = "Xcode.DebuggerFoundation.Debugger.LLDB"
      selectedLauncherIdentifier = "Xcode.DebuggerFoundation.Launcher.LLDB"
      launchStyle = "0"
      useCustomWorkingDirectory = "NO"
      ignoresPersistentStateOnLaunch = "NO"
      debugDocumentVersioning = "YES"
      debugServiceExtension = "internal"
      allowLocationSimulation = "YES"
      launchAutomaticallySubstyle = "8"
      notificationPayloadFile = "DEW 7 WatchKit Extension/PushNotificationPayload.apns">
      <RemoteRunnable
         runnableDebuggingMode = "2"
         BundleIdentifier = "com.apple.Carousel"
         RemotePath = "/Distant Early Warning">
         <BuildableReference
            BuildableIdentifier = "primary"
            BlueprintIdentifier = "D4D7064B1FB3E77400523A1E"
            BuildableName = "DEW 7 WatchKit App.app"
            BlueprintName = "DEW 7 WatchKit App"
            ReferencedContainer = "container:DEW 7.xcodeproj">
         </BuildableReference>
      </RemoteRunnable>
      <MacroExpansion>
         <BuildableReference
            BuildableIdentifier = "primary"
            BlueprintIdentifier = "D4D7064B1FB3E77400523A1E"
            BuildableName = "DEW 7 WatchKit App.app"
            BlueprintName = "DEW 7 WatchKit App"
            ReferencedContainer = "container:DEW 7.xcodeproj">
         </BuildableReference>
      </MacroExpansion>
      <AdditionalOptions>
      </AdditionalOptions>
   </LaunchAction>
   <ProfileAction
      buildConfiguration = "Release"
      shouldUseLaunchSchemeArgsEnv = "YES"
      savedToolIdentifier = ""
      useCustomWorkingDirectory = "NO"
      debugDocumentVersioning = "YES">
      <RemoteRunnable
         runnableDebuggingMode = "2"
         BundleIdentifier = "com.apple.Carousel"
         RemotePath = "/Distant Early Warning">
         <BuildableReference
            BuildableIdentifier = "primary"
            BlueprintIdentifier = "D4D7064B1FB3E77400523A1E"
            BuildableName = "DEW 7 WatchKit App.app"
            BlueprintName = "DEW 7 WatchKit App"
            ReferencedContainer = "container:DEW 7.xcodeproj">
         </BuildableReference>
      </RemoteRunnable>
      <MacroExpansion>
         <BuildableReference
            BuildableIdentifier = "primary"
            BlueprintIdentifier = "D4D7064B1FB3E77400523A1E"
            BuildableName = "DEW 7 WatchKit App.app"
            BlueprintName = "DEW 7 WatchKit App"
            ReferencedContainer = "container:DEW 7.xcodeproj">
         </BuildableReference>
      </MacroExpansion>
   </ProfileAction>
   <AnalyzeAction
      buildConfiguration = "Debug">
   </AnalyzeAction>
   <ArchiveAction
      buildConfiguration = "Release"
      revealArchiveInOrganizer = "YES">
   </ArchiveAction>
</Scheme>
